
Microsoft Visual Studio Solution File, Format Version 12.00
# Visual Studio Version 17
VisualStudioVersion = 17.9.34728.123
MinimumVisualStudioVersion = 10.0.40219.1
Project("{FAE04EC0-301F-11D3-BF4B-00C04F79EFBC}") = "Curriculum", "Curriculum.csproj", "{5C05D58F-B046-4F77-995E-A1F2FC1C4318}"
EndProject
Global
	GlobalSection(SolutionConfigurationPlatforms) = preSolution
		Debug|Any CPU = Debug|Any CPU
		Release|Any CPU = Release|Any CPU
	EndGlobalSection
	GlobalSection(ProjectConfigurationPlatforms) = postSolution
		{5C05D58F-B046-4F77-995E-A1F2FC1C4318}.Debug|Any CPU.ActiveCfg = Debug|Any CPU
		{5C05D58F-B046-4F77-995E-A1F2FC1C4318}.Debug|Any CPU.Build.0 = Debug|Any CPU
		{5C05D58F-B046-4F77-995E-A1F2FC1C4318}.Release|Any CPU.ActiveCfg = Release|Any CPU
		{5C05D58F-B046-4F77-995E-A1F2FC1C4318}.Release|Any CPU.Build.0 = Release|Any CPU
	EndGlobalSection
	GlobalSection(SolutionProperties) = preSolution
		HideSolutionNode = FALSE
	EndGlobalSection
	GlobalSection(ExtensibilityGlobals) = postSolution
		SolutionGuid = {34E1FA17-DE31-4D01-9141-5E7B4D7D4BBC}
	EndGlobalSection
EndGlobal
